
Microsoft Visual Studio Solution File, Format Version 12.00
#
Project("{FAE04EC0-301F-11D3-BF4B-00C04F79EFBC}") = "KataABC2", "KataABC2\KataABC2.csproj", "{248587F2-F631-4315-AE17-3490B1F6F1AA}"
EndProject
Project("{FAE04EC0-301F-11D3-BF4B-00C04F79EFBC}") = "BlackJackKataConsole", "BlackJackKataConsole\BlackJackKataConsole.csproj", "{16F499E9-61B6-4178-8AE5-971FFC2160F3}"
EndProject
Project("{FAE04EC0-301F-11D3-BF4B-00C04F79EFBC}") = "StringCalculator", "StringCalculator\StringCalculator.csproj", "{9A97CC6B-3068-4C36-9D6C-B7768E9A6C62}"
EndProject
Project("{FAE04EC0-301F-11D3-BF4B-00C04F79EFBC}") = "StringCalculatorShould", "StringCalculatorShould\StringCalculatorShould.csproj", "{320F4F05-C997-4484-9DF4-D4E2C1134327}"
EndProject
Project("{FAE04EC0-301F-11D3-BF4B-00C04F79EFBC}") = "Yatzy", "Yatzy\Yatzy.csproj", "{D3C077FA-D800-4EE4-9DF1-237F47D7D906}"
EndProject
Project("{FAE04EC0-301F-11D3-BF4B-00C04F79EFBC}") = "Yatzy.Tests", "Yatzy.Tests\Yatzy.Tests.csproj", "{E7236AB8-B3A2-48DD-B222-7952154D0716}"
EndProject
Project("{FAE04EC0-301F-11D3-BF4B-00C04F79EFBC}") = "MontyHallKata", "MontyHallKata\MontyHallKata.csproj", "{8E3295D9-F968-44E0-9235-5B863A2CC84A}"
EndProject
Project("{FAE04EC0-301F-11D3-BF4B-00C04F79EFBC}") = "MontyHallKata.Tests", "MontyHallKata.Tests\MontyHallKata.Tests.csproj", "{45A2F6B4-724D-45A8-9411-5985A4E06C36}"
EndProject
Project("{FAE04EC0-301F-11D3-BF4B-00C04F79EFBC}") = "CoffeeMachine", "CoffeeMachine\CoffeeMachine.csproj", "{2423165F-5738-4101-BD2F-C5176445D409}"
EndProject
Project("{FAE04EC0-301F-11D3-BF4B-00C04F79EFBC}") = "CoffeeMachine.Tests", "CoffeeMachine.Tests\CoffeeMachine.Tests.csproj", "{EF28B28D-29E5-4A3B-AE25-AC1D77330BA1}"
EndProject
Project("{FAE04EC0-301F-11D3-BF4B-00C04F79EFBC}") = "CoffeeMachine.Console", "CoffeeMachine.Console\CoffeeMachine.Console.csproj", "{7453534B-AAAD-4976-8D96-538EC70C7CC5}"
EndProject
Project("{FAE04EC0-301F-11D3-BF4B-00C04F79EFBC}") = "RomanNumerals", "RomanNumerals\RomanNumerals.csproj", "{E5BC4D2B-3548-43D3-AEF4-FCA2E89267D7}"
EndProject
Project("{FAE04EC0-301F-11D3-BF4B-00C04F79EFBC}") = "RomanNumerals.Test", "RomanNumerals.Test\RomanNumerals.Test.csproj", "{9D4E8B70-5DB3-45F8-9EE9-287BD1E373E4}"
EndProject
Project("{FAE04EC0-301F-11D3-BF4B-00C04F79EFBC}") = "MarsRover", "MarsRover\MarsRover.csproj", "{00CBFFCA-E5F0-40BE-A6AF-A16034367F86}"
EndProject
Project("{FAE04EC0-301F-11D3-BF4B-00C04F79EFBC}") = "MarsRover.Tests", "MarsRover.Tests\MarsRover.Tests.csproj", "{3D14E6DB-6131-4DEA-BBF6-A752CA694E31}"
EndProject
Project("{FAE04EC0-301F-11D3-BF4B-00C04F79EFBC}") = "MarsRover.Console", "MarsRover.Console\MarsRover.Console.csproj", "{F2083149-FDA5-4F0C-ABC7-7FE95A753A73}"
EndProject
Project("{FAE04EC0-301F-11D3-BF4B-00C04F79EFBC}") = "MarsRover.Console.Tests", "MarsRover.Console.Tests\MarsRover.Console.Tests.csproj", "{18046EA8-EBCA-4C5A-BE57-A536025D36DE}"
EndProject
Global
	GlobalSection(SolutionConfigurationPlatforms) = preSolution
		Debug|Any CPU = Debug|Any CPU
		Release|Any CPU = Release|Any CPU
	EndGlobalSection
	GlobalSection(ProjectConfigurationPlatforms) = postSolution
		{248587F2-F631-4315-AE17-3490B1F6F1AA}.Debug|Any CPU.ActiveCfg = Debug|Any CPU
		{248587F2-F631-4315-AE17-3490B1F6F1AA}.Debug|Any CPU.Build.0 = Debug|Any CPU
		{248587F2-F631-4315-AE17-3490B1F6F1AA}.Release|Any CPU.ActiveCfg = Release|Any CPU
		{248587F2-F631-4315-AE17-3490B1F6F1AA}.Release|Any CPU.Build.0 = Release|Any CPU
		{16F499E9-61B6-4178-8AE5-971FFC2160F3}.Debug|Any CPU.ActiveCfg = Debug|Any CPU
		{16F499E9-61B6-4178-8AE5-971FFC2160F3}.Debug|Any CPU.Build.0 = Debug|Any CPU
		{16F499E9-61B6-4178-8AE5-971FFC2160F3}.Release|Any CPU.ActiveCfg = Release|Any CPU
		{16F499E9-61B6-4178-8AE5-971FFC2160F3}.Release|Any CPU.Build.0 = Release|Any CPU
		{9A97CC6B-3068-4C36-9D6C-B7768E9A6C62}.Debug|Any CPU.ActiveCfg = Debug|Any CPU
		{9A97CC6B-3068-4C36-9D6C-B7768E9A6C62}.Debug|Any CPU.Build.0 = Debug|Any CPU
		{9A97CC6B-3068-4C36-9D6C-B7768E9A6C62}.Release|Any CPU.ActiveCfg = Release|Any CPU
		{9A97CC6B-3068-4C36-9D6C-B7768E9A6C62}.Release|Any CPU.Build.0 = Release|Any CPU
		{320F4F05-C997-4484-9DF4-D4E2C1134327}.Debug|Any CPU.ActiveCfg = Debug|Any CPU
		{320F4F05-C997-4484-9DF4-D4E2C1134327}.Debug|Any CPU.Build.0 = Debug|Any CPU
		{320F4F05-C997-4484-9DF4-D4E2C1134327}.Release|Any CPU.ActiveCfg = Release|Any CPU
		{320F4F05-C997-4484-9DF4-D4E2C1134327}.Release|Any CPU.Build.0 = Release|Any CPU
		{D3C077FA-D800-4EE4-9DF1-237F47D7D906}.Debug|Any CPU.ActiveCfg = Debug|Any CPU
		{D3C077FA-D800-4EE4-9DF1-237F47D7D906}.Debug|Any CPU.Build.0 = Debug|Any CPU
		{D3C077FA-D800-4EE4-9DF1-237F47D7D906}.Release|Any CPU.ActiveCfg = Release|Any CPU
		{D3C077FA-D800-4EE4-9DF1-237F47D7D906}.Release|Any CPU.Build.0 = Release|Any CPU
		{E7236AB8-B3A2-48DD-B222-7952154D0716}.Debug|Any CPU.ActiveCfg = Debug|Any CPU
		{E7236AB8-B3A2-48DD-B222-7952154D0716}.Debug|Any CPU.Build.0 = Debug|Any CPU
		{E7236AB8-B3A2-48DD-B222-7952154D0716}.Release|Any CPU.ActiveCfg = Release|Any CPU
		{E7236AB8-B3A2-48DD-B222-7952154D0716}.Release|Any CPU.Build.0 = Release|Any CPU
		{8E3295D9-F968-44E0-9235-5B863A2CC84A}.Debug|Any CPU.ActiveCfg = Debug|Any CPU
		{8E3295D9-F968-44E0-9235-5B863A2CC84A}.Debug|Any CPU.Build.0 = Debug|Any CPU
		{8E3295D9-F968-44E0-9235-5B863A2CC84A}.Release|Any CPU.ActiveCfg = Release|Any CPU
		{8E3295D9-F968-44E0-9235-5B863A2CC84A}.Release|Any CPU.Build.0 = Release|Any CPU
		{45A2F6B4-724D-45A8-9411-5985A4E06C36}.Debug|Any CPU.ActiveCfg = Debug|Any CPU
		{45A2F6B4-724D-45A8-9411-5985A4E06C36}.Debug|Any CPU.Build.0 = Debug|Any CPU
		{45A2F6B4-724D-45A8-9411-5985A4E06C36}.Release|Any CPU.ActiveCfg = Release|Any CPU
		{45A2F6B4-724D-45A8-9411-5985A4E06C36}.Release|Any CPU.Build.0 = Release|Any CPU
		{2423165F-5738-4101-BD2F-C5176445D409}.Debug|Any CPU.ActiveCfg = Debug|Any CPU
		{2423165F-5738-4101-BD2F-C5176445D409}.Debug|Any CPU.Build.0 = Debug|Any CPU
		{2423165F-5738-4101-BD2F-C5176445D409}.Release|Any CPU.ActiveCfg = Release|Any CPU
		{2423165F-5738-4101-BD2F-C5176445D409}.Release|Any CPU.Build.0 = Release|Any CPU
		{EF28B28D-29E5-4A3B-AE25-AC1D77330BA1}.Debug|Any CPU.ActiveCfg = Debug|Any CPU
		{EF28B28D-29E5-4A3B-AE25-AC1D77330BA1}.Debug|Any CPU.Build.0 = Debug|Any CPU
		{EF28B28D-29E5-4A3B-AE25-AC1D77330BA1}.Release|Any CPU.ActiveCfg = Release|Any CPU
		{EF28B28D-29E5-4A3B-AE25-AC1D77330BA1}.Release|Any CPU.Build.0 = Release|Any CPU
		{7453534B-AAAD-4976-8D96-538EC70C7CC5}.Debug|Any CPU.ActiveCfg = Debug|Any CPU
		{7453534B-AAAD-4976-8D96-538EC70C7CC5}.Debug|Any CPU.Build.0 = Debug|Any CPU
		{7453534B-AAAD-4976-8D96-538EC70C7CC5}.Release|Any CPU.ActiveCfg = Release|Any CPU
		{7453534B-AAAD-4976-8D96-538EC70C7CC5}.Release|Any CPU.Build.0 = Release|Any CPU
		{E5BC4D2B-3548-43D3-AEF4-FCA2E89267D7}.Debug|Any CPU.ActiveCfg = Debug|Any CPU
		{E5BC4D2B-3548-43D3-AEF4-FCA2E89267D7}.Debug|Any CPU.Build.0 = Debug|Any CPU
		{E5BC4D2B-3548-43D3-AEF4-FCA2E89267D7}.Release|Any CPU.ActiveCfg = Release|Any CPU
		{E5BC4D2B-3548-43D3-AEF4-FCA2E89267D7}.Release|Any CPU.Build.0 = Release|Any CPU
		{9D4E8B70-5DB3-45F8-9EE9-287BD1E373E4}.Debug|Any CPU.ActiveCfg = Debug|Any CPU
		{9D4E8B70-5DB3-45F8-9EE9-287BD1E373E4}.Debug|Any CPU.Build.0 = Debug|Any CPU
		{9D4E8B70-5DB3-45F8-9EE9-287BD1E373E4}.Release|Any CPU.ActiveCfg = Release|Any CPU
		{9D4E8B70-5DB3-45F8-9EE9-287BD1E373E4}.Release|Any CPU.Build.0 = Release|Any CPU
		{00CBFFCA-E5F0-40BE-A6AF-A16034367F86}.Debug|Any CPU.ActiveCfg = Debug|Any CPU
		{00CBFFCA-E5F0-40BE-A6AF-A16034367F86}.Debug|Any CPU.Build.0 = Debug|Any CPU
		{00CBFFCA-E5F0-40BE-A6AF-A16034367F86}.Release|Any CPU.ActiveCfg = Release|Any CPU
		{00CBFFCA-E5F0-40BE-A6AF-A16034367F86}.Release|Any CPU.Build.0 = Release|Any CPU
		{3D14E6DB-6131-4DEA-BBF6-A752CA694E31}.Debug|Any CPU.ActiveCfg = Debug|Any CPU
		{3D14E6DB-6131-4DEA-BBF6-A752CA694E31}.Debug|Any CPU.Build.0 = Debug|Any CPU
		{3D14E6DB-6131-4DEA-BBF6-A752CA694E31}.Release|Any CPU.ActiveCfg = Release|Any CPU
		{3D14E6DB-6131-4DEA-BBF6-A752CA694E31}.Release|Any CPU.Build.0 = Release|Any CPU
		{F2083149-FDA5-4F0C-ABC7-7FE95A753A73}.Debug|Any CPU.ActiveCfg = Debug|Any CPU
		{F2083149-FDA5-4F0C-ABC7-7FE95A753A73}.Debug|Any CPU.Build.0 = Debug|Any CPU
		{F2083149-FDA5-4F0C-ABC7-7FE95A753A73}.Release|Any CPU.ActiveCfg = Release|Any CPU
		{F2083149-FDA5-4F0C-ABC7-7FE95A753A73}.Release|Any CPU.Build.0 = Release|Any CPU
		{18046EA8-EBCA-4C5A-BE57-A536025D36DE}.Debug|Any CPU.ActiveCfg = Debug|Any CPU
		{18046EA8-EBCA-4C5A-BE57-A536025D36DE}.Debug|Any CPU.Build.0 = Debug|Any CPU
		{18046EA8-EBCA-4C5A-BE57-A536025D36DE}.Release|Any CPU.ActiveCfg = Release|Any CPU
		{18046EA8-EBCA-4C5A-BE57-A536025D36DE}.Release|Any CPU.Build.0 = Release|Any CPU
	EndGlobalSection
EndGlobal
